// !$*UTF8*$!
{
	archiveVersion = 1;
	classes = {
	};
	objectVersion = 55;
	objects = {

/* Begin PBXBuildFile section */
		72936F9D27E815DE00986486 /* AppDelegate.m in Sources */ = {isa = PBXBuildFile; fileRef = 72936F9C27E815DE00986486 /* AppDelegate.m */; };
		72936FA027E815DE00986486 /* SceneDelegate.m in Sources */ = {isa = PBXBuildFile; fileRef = 72936F9F27E815DE00986486 /* SceneDelegate.m */; };
		72936FA627E815DE00986486 /* Main.storyboard in Resources */ = {isa = PBXBuildFile; fileRef = 72936FA427E815DE00986486 /* Main.storyboard */; };
		72936FA827E815E300986486 /* Assets.xcassets in Resources */ = {isa = PBXBuildFile; fileRef = 72936FA727E815E300986486 /* Assets.xcassets */; };
		72936FAB27E815E300986486 /* LaunchScreen.storyboard in Resources */ = {isa = PBXBuildFile; fileRef = 72936FA927E815E300986486 /* LaunchScreen.storyboard */; };
		72936FAE27E815E300986486 /* main.m in Sources */ = {isa = PBXBuildFile; fileRef = 72936FAD27E815E300986486 /* main.m */; };
		72936FB827E815E300986486 /* _0220320_NagaraniParapelly_NYCSchoolsTests.m in Sources */ = {isa = PBXBuildFile; fileRef = 72936FB727E815E300986486 /* _0220320_NagaraniParapelly_NYCSchoolsTests.m */; };
		72936FC227E815E300986486 /* _0220320_NagaraniParapelly_NYCSchoolsUITests.m in Sources */ = {isa = PBXBuildFile; fileRef = 72936FC127E815E300986486 /* _0220320_NagaraniParapelly_NYCSchoolsUITests.m */; };
		72936FC427E815E300986486 /* _0220320_NagaraniParapelly_NYCSchoolsUITestsLaunchTests.m in Sources */ = {isa = PBXBuildFile; fileRef = 72936FC327E815E300986486 /* _0220320_NagaraniParapelly_NYCSchoolsUITestsLaunchTests.m */; };
		72ECBB6827E8176A00CC6B50 /* NYCRootViewController.m in Sources */ = {isa = PBXBuildFile; fileRef = 72ECBB6727E8176A00CC6B50 /* NYCRootViewController.m */; };
		72ECBB6B27E817DC00CC6B50 /* NYCSchoolsViewController.swift in Sources */ = {isa = PBXBuildFile; fileRef = 72ECBB6A27E817DC00CC6B50 /* NYCSchoolsViewController.swift */; };
		72ECBB6D27E8183D00CC6B50 /* NYCSchoolsSATDetailsViewController.swift in Sources */ = {isa = PBXBuildFile; fileRef = 72ECBB6C27E8183D00CC6B50 /* NYCSchoolsSATDetailsViewController.swift */; };
		72ECBB6F27E8189800CC6B50 /* SchoolInfoModelObject.swift in Sources */ = {isa = PBXBuildFile; fileRef = 72ECBB6E27E8189800CC6B50 /* SchoolInfoModelObject.swift */; };
		72ECBB7127E818B300CC6B50 /* NYCSchoolSATDetailsModelObject.swift in Sources */ = {isa = PBXBuildFile; fileRef = 72ECBB7027E818B300CC6B50 /* NYCSchoolSATDetailsModelObject.swift */; };
		72ECBB7327E818D600CC6B50 /* NYCSchoolsViewModelObject.swift in Sources */ = {isa = PBXBuildFile; fileRef = 72ECBB7227E818D600CC6B50 /* NYCSchoolsViewModelObject.swift */; };
		72ECBB7527E8190000CC6B50 /* NYCSATDetailsViewModelObject.swift in Sources */ = {isa = PBXBuildFile; fileRef = 72ECBB7427E8190000CC6B50 /* NYCSATDetailsViewModelObject.swift */; };
		72ECBB7727E8192500CC6B50 /* NYCConstants.swift in Sources */ = {isa = PBXBuildFile; fileRef = 72ECBB7627E8192500CC6B50 /* NYCConstants.swift */; };
		72ECBB7927E8194400CC6B50 /* NYCNetworkAPI.swift in Sources */ = {isa = PBXBuildFile; fileRef = 72ECBB7827E8194400CC6B50 /* NYCNetworkAPI.swift */; };
		72ECBB7B27E8196C00CC6B50 /* NetworkRequestObject.swift in Sources */ = {isa = PBXBuildFile; fileRef = 72ECBB7A27E8196C00CC6B50 /* NetworkRequestObject.swift */; };
		72ECBB7E27E819BD00CC6B50 /* CustomTableViewCell.xib in Resources */ = {isa = PBXBuildFile; fileRef = 72ECBB7C27E819BD00CC6B50 /* CustomTableViewCell.xib */; };
		72ECBB7F27E819BD00CC6B50 /* CustomTableViewCell.swift in Sources */ = {isa = PBXBuildFile; fileRef = 72ECBB7D27E819BD00CC6B50 /* CustomTableViewCell.swift */; };
/* End PBXBuildFile section */

/* Begin PBXContainerItemProxy section */
		72936FB427E815E300986486 /* PBXContainerItemProxy */ = {
			isa = PBXContainerItemProxy;
			containerPortal = 72936F9027E815DE00986486 /* Project object */;
			proxyType = 1;
			remoteGlobalIDString = 72936F9727E815DE00986486;
			remoteInfo = "20220320-NagaraniParapelly-NYCSchools";
		};
		72936FBE27E815E300986486 /* PBXContainerItemProxy */ = {
			isa = PBXContainerItemProxy;
			containerPortal = 72936F9027E815DE00986486 /* Project object */;
			proxyType = 1;
			remoteGlobalIDString = 72936F9727E815DE00986486;
			remoteInfo = "20220320-NagaraniParapelly-NYCSchools";
		};
/* End PBXContainerItemProxy section */

/* Begin PBXFileReference section */
		72936F9827E815DE00986486 /* 20220320-NagaraniParapelly-NYCSchools.app */ = {isa = PBXFileReference; explicitFileType = wrapper.application; includeInIndex = 0; path = "20220320-NagaraniParapelly-NYCSchools.app"; sourceTree = BUILT_PRODUCTS_DIR; };
		72936F9B27E815DE00986486 /* AppDelegate.h */ = {isa = PBXFileReference; lastKnownFileType = sourcecode.c.h; path = AppDelegate.h; sourceTree = "<group>"; };
		72936F9C27E815DE00986486 /* AppDelegate.m */ = {isa = PBXFileReference; lastKnownFileType = sourcecode.c.objc; path = AppDelegate.m; sourceTree = "<group>"; };
		72936F9E27E815DE00986486 /* SceneDelegate.h */ = {isa = PBXFileReference; lastKnownFileType = sourcecode.c.h; path = SceneDelegate.h; sourceTree = "<group>"; };
		72936F9F27E815DE00986486 /* SceneDelegate.m */ = {isa = PBXFileReference; lastKnownFileType = sourcecode.c.objc; path = SceneDelegate.m; sourceTree = "<group>"; };
		72936FA527E815DE00986486 /* Base */ = {isa = PBXFileReference; lastKnownFileType = file.storyboard; name = Base; path = Base.lproj/Main.storyboard; sourceTree = "<group>"; };
		72936FA727E815E300986486 /* Assets.xcassets */ = {isa = PBXFileReference; lastKnownFileType = folder.assetcatalog; path = Assets.xcassets; sourceTree = "<group>"; };
		72936FAA27E815E300986486 /* Base */ = {isa = PBXFileReference; lastKnownFileType = file.storyboard; name = Base; path = Base.lproj/LaunchScreen.storyboard; sourceTree = "<group>"; };
		72936FAC27E815E300986486 /* Info.plist */ = {isa = PBXFileReference; lastKnownFileType = text.plist.xml; path = Info.plist; sourceTree = "<group>"; };
		72936FAD27E815E300986486 /* main.m */ = {isa = PBXFileReference; lastKnownFileType = sourcecode.c.objc; path = main.m; sourceTree = "<group>"; };
		72936FB327E815E300986486 /* 20220320-NagaraniParapelly-NYCSchoolsTests.xctest */ = {isa = PBXFileReference; explicitFileType = wrapper.cfbundle; includeInIndex = 0; path = "20220320-NagaraniParapelly-NYCSchoolsTests.xctest"; sourceTree = BUILT_PRODUCTS_DIR; };
		72936FB727E815E300986486 /* _0220320_NagaraniParapelly_NYCSchoolsTests.m */ = {isa = PBXFileReference; lastKnownFileType = sourcecode.c.objc; path = _0220320_NagaraniParapelly_NYCSchoolsTests.m; sourceTree = "<group>"; };
		72936FBD27E815E300986486 /* 20220320-NagaraniParapelly-NYCSchoolsUITests.xctest */ = {isa = PBXFileReference; explicitFileType = wrapper.cfbundle; includeInIndex = 0; path = "20220320-NagaraniParapelly-NYCSchoolsUITests.xctest"; sourceTree = BUILT_PRODUCTS_DIR; };
		72936FC127E815E300986486 /* _0220320_NagaraniParapelly_NYCSchoolsUITests.m */ = {isa = PBXFileReference; lastKnownFileType = sourcecode.c.objc; path = _0220320_NagaraniParapelly_NYCSchoolsUITests.m; sourceTree = "<group>"; };
		72936FC327E815E300986486 /* _0220320_NagaraniParapelly_NYCSchoolsUITestsLaunchTests.m */ = {isa = PBXFileReference; lastKnownFileType = sourcecode.c.objc; path = _0220320_NagaraniParapelly_NYCSchoolsUITestsLaunchTests.m; sourceTree = "<group>"; };
		72ECBB6627E8176A00CC6B50 /* NYCRootViewController.h */ = {isa = PBXFileReference; lastKnownFileType = sourcecode.c.h; path = NYCRootViewController.h; sourceTree = "<group>"; };
		72ECBB6727E8176A00CC6B50 /* NYCRootViewController.m */ = {isa = PBXFileReference; lastKnownFileType = sourcecode.c.objc; path = NYCRootViewController.m; sourceTree = "<group>"; };
		72ECBB6927E817DB00CC6B50 /* 20220320-NagaraniParapelly-NYCSchools-Bridging-Header.h */ = {isa = PBXFileReference; lastKnownFileType = sourcecode.c.h; path = "20220320-NagaraniParapelly-NYCSchools-Bridging-Header.h"; sourceTree = "<group>"; };
		72ECBB6A27E817DC00CC6B50 /* NYCSchoolsViewController.swift */ = {isa = PBXFileReference; lastKnownFileType = sourcecode.swift; path = NYCSchoolsViewController.swift; sourceTree = "<group>"; };
		72ECBB6C27E8183D00CC6B50 /* NYCSchoolsSATDetailsViewController.swift */ = {isa = PBXFileReference; lastKnownFileType = sourcecode.swift; path = NYCSchoolsSATDetailsViewController.swift; sourceTree = "<group>"; };
		72ECBB6E27E8189800CC6B50 /* SchoolInfoModelObject.swift */ = {isa = PBXFileReference; lastKnownFileType = sourcecode.swift; path = SchoolInfoModelObject.swift; sourceTree = "<group>"; };
		72ECBB7027E818B300CC6B50 /* NYCSchoolSATDetailsModelObject.swift */ = {isa = PBXFileReference; lastKnownFileType = sourcecode.swift; path = NYCSchoolSATDetailsModelObject.swift; sourceTree = "<group>"; };
		72ECBB7227E818D600CC6B50 /* NYCSchoolsViewModelObject.swift */ = {isa = PBXFileReference; lastKnownFileType = sourcecode.swift; path = NYCSchoolsViewModelObject.swift; sourceTree = "<group>"; };
		72ECBB7427E8190000CC6B50 /* NYCSATDetailsViewModelObject.swift */ = {isa = PBXFileReference; lastKnownFileType = sourcecode.swift; path = NYCSATDetailsViewModelObject.swift; sourceTree = "<group>"; };
		72ECBB7627E8192500CC6B50 /* NYCConstants.swift */ = {isa = PBXFileReference; lastKnownFileType = sourcecode.swift; path = NYCConstants.swift; sourceTree = "<group>"; };
		72ECBB7827E8194400CC6B50 /* NYCNetworkAPI.swift */ = {isa = PBXFileReference; lastKnownFileType = sourcecode.swift; path = NYCNetworkAPI.swift; sourceTree = "<group>"; };
		72ECBB7A27E8196C00CC6B50 /* NetworkRequestObject.swift */ = {isa = PBXFileReference; lastKnownFileType = sourcecode.swift; path = NetworkRequestObject.swift; sourceTree = "<group>"; };
		72ECBB7C27E819BD00CC6B50 /* CustomTableViewCell.xib */ = {isa = PBXFileReference; lastKnownFileType = file.xib; path = CustomTableViewCell.xib; sourceTree = "<group>"; };
		72ECBB7D27E819BD00CC6B50 /* CustomTableViewCell.swift */ = {isa = PBXFileReference; lastKnownFileType = sourcecode.swift; path = CustomTableViewCell.swift; sourceTree = "<group>"; };
/* End PBXFileReference section */

/* Begin PBXFrameworksBuildPhase section */
		72936F9527E815DE00986486 /* Frameworks */ = {
			isa = PBXFrameworksBuildPhase;
			buildActionMask = 2147483647;
			files = (
			);
			runOnlyForDeploymentPostprocessing = 0;
		};
		72936FB027E815E300986486 /* Frameworks */ = {
			isa = PBXFrameworksBuildPhase;
			buildActionMask = 2147483647;
			files = (
			);
			runOnlyForDeploymentPostprocessing = 0;
		};
		72936FBA27E815E300986486 /* Frameworks */ = {
			isa = PBXFrameworksBuildPhase;
			buildActionMask = 2147483647;
			files = (
			);
			runOnlyForDeploymentPostprocessing = 0;
		};
/* End PBXFrameworksBuildPhase section */

/* Begin PBXGroup section */
		72936F8F27E815DE00986486 = {
			isa = PBXGroup;
			children = (
				72936F9A27E815DE00986486 /* 20220320-NagaraniParapelly-NYCSchools */,
				72936FB627E815E300986486 /* 20220320-NagaraniParapelly-NYCSchoolsTests */,
				72936FC027E815E300986486 /* 20220320-NagaraniParapelly-NYCSchoolsUITests */,
				72936F9927E815DE00986486 /* Products */,
			);
			sourceTree = "<group>";
		};
		72936F9927E815DE00986486 /* Products */ = {
			isa = PBXGroup;
			children = (
				72936F9827E815DE00986486 /* 20220320-NagaraniParapelly-NYCSchools.app */,
				72936FB327E815E300986486 /* 20220320-NagaraniParapelly-NYCSchoolsTests.xctest */,
				72936FBD27E815E300986486 /* 20220320-NagaraniParapelly-NYCSchoolsUITests.xctest */,
			);
			name = Products;
			sourceTree = "<group>";
		};
		72936F9A27E815DE00986486 /* 20220320-NagaraniParapelly-NYCSchools */ = {
			isa = PBXGroup;
			children = (
				72ECBB8527E81C1700CC6B50 /* ViewControllers */,
				72ECBB8427E81C0100CC6B50 /* Constants */,
				72ECBB8327E81BDC00CC6B50 /* ViewModels */,
				72ECBB8227E81BA800CC6B50 /* Models */,
				72ECBB8127E81B8E00CC6B50 /* Custom */,
				72ECBB8027E81B5800CC6B50 /* NetworkObject */,
				72936F9B27E815DE00986486 /* AppDelegate.h */,
				72936F9C27E815DE00986486 /* AppDelegate.m */,
				72936F9E27E815DE00986486 /* SceneDelegate.h */,
				72936F9F27E815DE00986486 /* SceneDelegate.m */,
				72936FA427E815DE00986486 /* Main.storyboard */,
				72936FA727E815E300986486 /* Assets.xcassets */,
				72936FA927E815E300986486 /* LaunchScreen.storyboard */,
				72936FAC27E815E300986486 /* Info.plist */,
				72936FAD27E815E300986486 /* main.m */,
				72ECBB6927E817DB00CC6B50 /* 20220320-NagaraniParapelly-NYCSchools-Bridging-Header.h */,
			);
			path = "20220320-NagaraniParapelly-NYCSchools";
			sourceTree = "<group>";
		};
		72936FB627E815E300986486 /* 20220320-NagaraniParapelly-NYCSchoolsTests */ = {
			isa = PBXGroup;
			children = (
				72936FB727E815E300986486 /* _0220320_NagaraniParapelly_NYCSchoolsTests.m */,
			);
			path = "20220320-NagaraniParapelly-NYCSchoolsTests";
			sourceTree = "<group>";
		};
		72936FC027E815E300986486 /* 20220320-NagaraniParapelly-NYCSchoolsUITests */ = {
			isa = PBXGroup;
			children = (
				72936FC127E815E300986486 /* _0220320_NagaraniParapelly_NYCSchoolsUITests.m */,
				72936FC327E815E300986486 /* _0220320_NagaraniParapelly_NYCSchoolsUITestsLaunchTests.m */,
			);
			path = "20220320-NagaraniParapelly-NYCSchoolsUITests";
			sourceTree = "<group>";
		};
		72ECBB8027E81B5800CC6B50 /* NetworkObject */ = {
			isa = PBXGroup;
			children = (
				72ECBB7A27E8196C00CC6B50 /* NetworkRequestObject.swift */,
			);
			path = NetworkObject;
			sourceTree = "<group>";
		};
		72ECBB8127E81B8E00CC6B50 /* Custom */ = {
			isa = PBXGroup;
			children = (
				72ECBB7C27E819BD00CC6B50 /* CustomTableViewCell.xib */,
				72ECBB7D27E819BD00CC6B50 /* CustomTableViewCell.swift */,
			);
			path = Custom;
			sourceTree = "<group>";
		};
		72ECBB8227E81BA800CC6B50 /* Models */ = {
			isa = PBXGroup;
			children = (
				72ECBB6E27E8189800CC6B50 /* SchoolInfoModelObject.swift */,
				72ECBB7027E818B300CC6B50 /* NYCSchoolSATDetailsModelObject.swift */,
			);
			path = Models;
			sourceTree = "<group>";
		};
		72ECBB8327E81BDC00CC6B50 /* ViewModels */ = {
			isa = PBXGroup;
			children = (
				72ECBB7227E818D600CC6B50 /* NYCSchoolsViewModelObject.swift */,
				72ECBB7427E8190000CC6B50 /* NYCSATDetailsViewModelObject.swift */,
			);
			path = ViewModels;
			sourceTree = "<group>";
		};
		72ECBB8427E81C0100CC6B50 /* Constants */ = {
			isa = PBXGroup;
			children = (
				72ECBB7627E8192500CC6B50 /* NYCConstants.swift */,
				72ECBB7827E8194400CC6B50 /* NYCNetworkAPI.swift */,
			);
			path = Constants;
			sourceTree = "<group>";
		};
		72ECBB8527E81C1700CC6B50 /* ViewControllers */ = {
			isa = PBXGroup;
			children = (
				72ECBB6C27E8183D00CC6B50 /* NYCSchoolsSATDetailsViewController.swift */,
				72ECBB6627E8176A00CC6B50 /* NYCRootViewController.h */,
				72ECBB6727E8176A00CC6B50 /* NYCRootViewController.m */,
				72ECBB6A27E817DC00CC6B50 /* NYCSchoolsViewController.swift */,
			);
			path = ViewControllers;
			sourceTree = "<group>";
		};
/* End PBXGroup section */

/* Begin PBXNativeTarget section */
		72936F9727E815DE00986486 /* 20220320-NagaraniParapelly-NYCSchools */ = {
			isa = PBXNativeTarget;
			buildConfigurationList = 72936FC727E815E300986486 /* Build configuration list for PBXNativeTarget "20220320-NagaraniParapelly-NYCSchools" */;
			buildPhases = (
				72936F9427E815DE00986486 /* Sources */,
				72936F9527E815DE00986486 /* Frameworks */,
				72936F9627E815DE00986486 /* Resources */,
			);
			buildRules = (
			);
			dependencies = (
			);
			name = "20220320-NagaraniParapelly-NYCSchools";
			productName = "20220320-NagaraniParapelly-NYCSchools";
			productReference = 72936F9827E815DE00986486 /* 20220320-NagaraniParapelly-NYCSchools.app */;
			productType = "com.apple.product-type.application";
		};
		72936FB227E815E300986486 /* 20220320-NagaraniParapelly-NYCSchoolsTests */ = {
			isa = PBXNativeTarget;
			buildConfigurationList = 72936FCA27E815E300986486 /* Build configuration list for PBXNativeTarget "20220320-NagaraniParapelly-NYCSchoolsTests" */;
			buildPhases = (
				72936FAF27E815E300986486 /* Sources */,
				72936FB027E815E300986486 /* Frameworks */,
				72936FB127E815E300986486 /* Resources */,
			);
			buildRules = (
			);
			dependencies = (
				72936FB527E815E300986486 /* PBXTargetDependency */,
			);
			name = "20220320-NagaraniParapelly-NYCSchoolsTests";
			productName = "20220320-NagaraniParapelly-NYCSchoolsTests";
			productReference = 72936FB327E815E300986486 /* 20220320-NagaraniParapelly-NYCSchoolsTests.xctest */;
			productType = "com.apple.product-type.bundle.unit-test";
		};
		72936FBC27E815E300986486 /* 20220320-NagaraniParapelly-NYCSchoolsUITests */ = {
			isa = PBXNativeTarget;
			buildConfigurationList = 72936FCD27E815E300986486 /* Build configuration list for PBXNativeTarget "20220320-NagaraniParapelly-NYCSchoolsUITests" */;
			buildPhases = (
				72936FB927E815E300986486 /* Sources */,
				72936FBA27E815E300986486 /* Frameworks */,
				72936FBB27E815E300986486 /* Resources */,
			);
			buildRules = (
			);
			dependencies = (
				72936FBF27E815E300986486 /* PBXTargetDependency */,
			);
			name = "20220320-NagaraniParapelly-NYCSchoolsUITests";
			productName = "20220320-NagaraniParapelly-NYCSchoolsUITests";
			productReference = 72936FBD27E815E300986486 /* 20220320-NagaraniParapelly-NYCSchoolsUITests.xctest */;
			productType = "com.apple.product-type.bundle.ui-testing";
		};
/* End PBXNativeTarget section */

/* Begin PBXProject section */
		72936F9027E815DE00986486 /* Project object */ = {
			isa = PBXProject;
			attributes = {
				BuildIndependentTargetsInParallel = 1;
				LastUpgradeCheck = 1310;
				TargetAttributes = {
					72936F9727E815DE00986486 = {
						CreatedOnToolsVersion = 13.1;
						LastSwiftMigration = 1310;
					};
					72936FB227E815E300986486 = {
						CreatedOnToolsVersion = 13.1;
						TestTargetID = 72936F9727E815DE00986486;
					};
					72936FBC27E815E300986486 = {
						CreatedOnToolsVersion = 13.1;
						TestTargetID = 72936F9727E815DE00986486;
					};
				};
			};
			buildConfigurationList = 72936F9327E815DE00986486 /* Build configuration list for PBXProject "20220320-NagaraniParapelly-NYCSchools" */;
			compatibilityVersion = "Xcode 13.0";
			developmentRegion = en;
			hasScannedForEncodings = 0;
			knownRegions = (
				en,
				Base,
			);
			mainGroup = 72936F8F27E815DE00986486;
			productRefGroup = 72936F9927E815DE00986486 /* Products */;
			projectDirPath = "";
			projectRoot = "";
			targets = (
				72936F9727E815DE00986486 /* 20220320-NagaraniParapelly-NYCSchools */,
				72936FB227E815E300986486 /* 20220320-NagaraniParapelly-NYCSchoolsTests */,
				72936FBC27E815E300986486 /* 20220320-NagaraniParapelly-NYCSchoolsUITests */,
			);
		};
/* End PBXProject section */

/* Begin PBXResourcesBuildPhase section */
		72936F9627E815DE00986486 /* Resources */ = {
			isa = PBXResourcesBuildPhase;
			buildActionMask = 2147483647;
			files = (
				72936FAB27E815E300986486 /* LaunchScreen.storyboard in Resources */,
				72936FA827E815E300986486 /* Assets.xcassets in Resources */,
				72ECBB7E27E819BD00CC6B50 /* CustomTableViewCell.xib in Resources */,
				72936FA627E815DE00986486 /* Main.storyboard in Resources */,
			);
			runOnlyForDeploymentPostprocessing = 0;
		};
		72936FB127E815E300986486 /* Resources */ = {
			isa = PBXResourcesBuildPhase;
			buildActionMask = 2147483647;
			files = (
			);
			runOnlyForDeploymentPostprocessing = 0;
		};
		72936FBB27E815E300986486 /* Resources */ = {
			isa = PBXResourcesBuildPhase;
			buildActionMask = 2147483647;
			files = (
			);
			runOnlyForDeploymentPostprocessing = 0;
		};
/* End PBXResourcesBuildPhase section */

/* Begin PBXSourcesBuildPhase section */
		72936F9427E815DE00986486 /* Sources */ = {
			isa = PBXSourcesBuildPhase;
			buildActionMask = 2147483647;
			files = (
				72ECBB7927E8194400CC6B50 /* NYCNetworkAPI.swift in Sources */,
				72ECBB7327E818D600CC6B50 /* NYCSchoolsViewModelObject.swift in Sources */,
				72936F9D27E815DE00986486 /* AppDelegate.m in Sources */,
				72ECBB7B27E8196C00CC6B50 /* NetworkRequestObject.swift in Sources */,
				72ECBB6D27E8183D00CC6B50 /* NYCSchoolsSATDetailsViewController.swift in Sources */,
				72936FAE27E815E300986486 /* main.m in Sources */,
				72936FA027E815DE00986486 /* SceneDelegate.m in Sources */,
				72ECBB6827E8176A00CC6B50 /* NYCRootViewController.m in Sources */,
				72ECBB6B27E817DC00CC6B50 /* NYCSchoolsViewController.swift in Sources */,
				72ECBB6F27E8189800CC6B50 /* SchoolInfoModelObject.swift in Sources */,
				72ECBB7F27E819BD00CC6B50 /* CustomTableViewCell.swift in Sources */,
				72ECBB7527E8190000CC6B50 /* NYCSATDetailsViewModelObject.swift in Sources */,
				72ECBB7727E8192500CC6B50 /* NYCConstants.swift in Sources */,
				72ECBB7127E818B300CC6B50 /* NYCSchoolSATDetailsModelObject.swift in Sources */,
			);
			runOnlyForDeploymentPostprocessing = 0;
		};
		72936FAF27E815E300986486 /* Sources */ = {
			isa = PBXSourcesBuildPhase;
			buildActionMask = 2147483647;
			files = (
				72936FB827E815E300986486 /* _0220320_NagaraniParapelly_NYCSchoolsTests.m in Sources */,
			);
			runOnlyForDeploymentPostprocessing = 0;
		};
		72936FB927E815E300986486 /* Sources */ = {
			isa = PBXSourcesBuildPhase;
			buildActionMask = 2147483647;
			files = (
				72936FC227E815E300986486 /* _0220320_NagaraniParapelly_NYCSchoolsUITests.m in Sources */,
				72936FC427E815E300986486 /* _0220320_NagaraniParapelly_NYCSchoolsUITestsLaunchTests.m in Sources */,
			);
			runOnlyForDeploymentPostprocessing = 0;
		};
/* End PBXSourcesBuildPhase section */

/* Begin PBXTargetDependency section */
		72936FB527E815E300986486 /* PBXTargetDependency */ = {
			isa = PBXTargetDependency;
			target = 72936F9727E815DE00986486 /* 20220320-NagaraniParapelly-NYCSchools */;
			targetProxy = 72936FB427E815E300986486 /* PBXContainerItemProxy */;
		};
		72936FBF27E815E300986486 /* PBXTargetDependency */ = {
			isa = PBXTargetDependency;
			target = 72936F9727E815DE00986486 /* 20220320-NagaraniParapelly-NYCSchools */;
			targetProxy = 72936FBE27E815E300986486 /* PBXContainerItemProxy */;
		};
/* End PBXTargetDependency section */

/* Begin PBXVariantGroup section */
		72936FA427E815DE00986486 /* Main.storyboard */ = {
			isa = PBXVariantGroup;
			children = (
				72936FA527E815DE00986486 /* Base */,
			);
			name = Main.storyboard;
			sourceTree = "<group>";
		};
		72936FA927E815E300986486 /* LaunchScreen.storyboard */ = {
			isa = PBXVariantGroup;
			children = (
				72936FAA27E815E300986486 /* Base */,
			);
			name = LaunchScreen.storyboard;
			sourceTree = "<group>";
		};
/* End PBXVariantGroup section */

/* Begin XCBuildConfiguration section */
		72936FC527E815E300986486 /* Debug */ = {
			isa = XCBuildConfiguration;
			buildSettings = {
				ALWAYS_SEARCH_USER_PATHS = NO;
				CLANG_ANALYZER_NONNULL = YES;
				CLANG_ANALYZER_NUMBER_OBJECT_CONVERSION = YES_AGGRESSIVE;
				CLANG_CXX_LANGUAGE_STANDARD = "gnu++17";
				CLANG_CXX_LIBRARY = "libc++";
				CLANG_ENABLE_MODULES = YES;
				CLANG_ENABLE_OBJC_ARC = YES;
				CLANG_ENABLE_OBJC_WEAK = YES;
				CLANG_WARN_BLOCK_CAPTURE_AUTORELEASING = YES;
				CLANG_WARN_BOOL_CONVERSION = YES;
				CLANG_WARN_COMMA = YES;
				CLANG_WARN_CONSTANT_CONVERSION = YES;
				CLANG_WARN_DEPRECATED_OBJC_IMPLEMENTATIONS = YES;
				CLANG_WARN_DIRECT_OBJC_ISA_USAGE = YES_ERROR;
				CLANG_WARN_DOCUMENTATION_COMMENTS = YES;
				CLANG_WARN_EMPTY_BODY = YES;
				CLANG_WARN_ENUM_CONVERSION = YES;
				CLANG_WARN_INFINITE_RECURSION = YES;
				CLANG_WARN_INT_CONVERSION = YES;
				CLANG_WARN_NON_LITERAL_NULL_CONVERSION = YES;
				CLANG_WARN_OBJC_IMPLICIT_RETAIN_SELF = YES;
				CLANG_WARN_OBJC_LITERAL_CONVERSION = YES;
				CLANG_WARN_OBJC_ROOT_CLASS = YES_ERROR;
				CLANG_WARN_QUOTED_INCLUDE_IN_FRAMEWORK_HEADER = YES;
				CLANG_WARN_RANGE_LOOP_ANALYSIS = YES;
				CLANG_WARN_STRICT_PROTOTYPES = YES;
				CLANG_WARN_SUSPICIOUS_MOVE = YES;
				CLANG_WARN_UNGUARDED_AVAILABILITY = YES_AGGRESSIVE;
				CLANG_WARN_UNREACHABLE_CODE = YES;
				CLANG_WARN__DUPLICATE_METHOD_MATCH = YES;
				COPY_PHASE_STRIP = NO;
				DEBUG_INFORMATION_FORMAT = dwarf;
				ENABLE_STRICT_OBJC_MSGSEND = YES;
				ENABLE_TESTABILITY = YES;
				GCC_C_LANGUAGE_STANDARD = gnu11;
				GCC_DYNAMIC_NO_PIC = NO;
				GCC_NO_COMMON_BLOCKS = YES;
				GCC_OPTIMIZATION_LEVEL = 0;
				GCC_PREPROCESSOR_DEFINITIONS = (
					"DEBUG=1",
					"$(inherited)",
				);
				GCC_WARN_64_TO_32_BIT_CONVERSION = YES;
				GCC_WARN_ABOUT_RETURN_TYPE = YES_ERROR;
				GCC_WARN_UNDECLARED_SELECTOR = YES;
				GCC_WARN_UNINITIALIZED_AUTOS = YES_AGGRESSIVE;
				GCC_WARN_UNUSED_FUNCTION = YES;
				GCC_WARN_UNUSED_VARIABLE = YES;
				IPHONEOS_DEPLOYMENT_TARGET = 15.0;
				MTL_ENABLE_DEBUG_INFO = INCLUDE_SOURCE;
				MTL_FAST_MATH = YES;
				ONLY_ACTIVE_ARCH = YES;
				SDKROOT = iphoneos;
			};
			name = Debug;
		};
		72936FC627E815E300986486 /* Release */ = {
			isa = XCBuildConfiguration;
			buildSettings = {
				ALWAYS_SEARCH_USER_PATHS = NO;
				CLANG_ANALYZER_NONNULL = YES;
				CLANG_ANALYZER_NUMBER_OBJECT_CONVERSION = YES_AGGRESSIVE;
				CLANG_CXX_LANGUAGE_STANDARD = "gnu++17";
				CLANG_CXX_LIBRARY = "libc++";
				CLANG_ENABLE_MODULES = YES;
				CLANG_ENABLE_OBJC_ARC = YES;
				CLANG_ENABLE_OBJC_WEAK = YES;
				CLANG_WARN_BLOCK_CAPTURE_AUTORELEASING = YES;
				CLANG_WARN_BOOL_CONVERSION = YES;
				CLANG_WARN_COMMA = YES;
				CLANG_WARN_CONSTANT_CONVERSION = YES;
				CLANG_WARN_DEPRECATED_OBJC_IMPLEMENTATIONS = YES;
				CLANG_WARN_DIRECT_OBJC_ISA_USAGE = YES_ERROR;
				CLANG_WARN_DOCUMENTATION_COMMENTS = YES;
				CLANG_WARN_EMPTY_BODY = YES;
				CLANG_WARN_ENUM_CONVERSION = YES;
				CLANG_WARN_INFINITE_RECURSION = YES;
				CLANG_WARN_INT_CONVERSION = YES;
				CLANG_WARN_NON_LITERAL_NULL_CONVERSION = YES;
				CLANG_WARN_OBJC_IMPLICIT_RETAIN_SELF = YES;
				CLANG_WARN_OBJC_LITERAL_CONVERSION = YES;
				CLANG_WARN_OBJC_ROOT_CLASS = YES_ERROR;
				CLANG_WARN_QUOTED_INCLUDE_IN_FRAMEWORK_HEADER = YES;
				CLANG_WARN_RANGE_LOOP_ANALYSIS = YES;
				CLANG_WARN_STRICT_PROTOTYPES = YES;
				CLANG_WARN_SUSPICIOUS_MOVE = YES;
				CLANG_WARN_UNGUARDED_AVAILABILITY = YES_AGGRESSIVE;
				CLANG_WARN_UNREACHABLE_CODE = YES;
				CLANG_WARN__DUPLICATE_METHOD_MATCH = YES;
				COPY_PHASE_STRIP = NO;
				DEBUG_INFORMATION_FORMAT = "dwarf-with-dsym";
				ENABLE_NS_ASSERTIONS = NO;
				ENABLE_STRICT_OBJC_MSGSEND = YES;
				GCC_C_LANGUAGE_STANDARD = gnu11;
				GCC_NO_COMMON_BLOCKS = YES;
				GCC_WARN_64_TO_32_BIT_CONVERSION = YES;
				GCC_WARN_ABOUT_RETURN_TYPE = YES_ERROR;
				GCC_WARN_UNDECLARED_SELECTOR = YES;
				GCC_WARN_UNINITIALIZED_AUTOS = YES_AGGRESSIVE;
				GCC_WARN_UNUSED_FUNCTION = YES;
				GCC_WARN_UNUSED_VARIABLE = YES;
				IPHONEOS_DEPLOYMENT_TARGET = 15.0;
				MTL_ENABLE_DEBUG_INFO = NO;
				MTL_FAST_MATH = YES;
				SDKROOT = iphoneos;
				VALIDATE_PRODUCT = YES;
			};
			name = Release;
		};
		72936FC827E815E300986486 /* Debug */ = {
			isa = XCBuildConfiguration;
			buildSettings = {
				ASSETCATALOG_COMPILER_APPICON_NAME = AppIcon;
				ASSETCATALOG_COMPILER_GLOBAL_ACCENT_COLOR_NAME = AccentColor;
				CLANG_ENABLE_MODULES = YES;
				CODE_SIGN_STYLE = Automatic;
				CURRENT_PROJECT_VERSION = 1;
				GENERATE_INFOPLIST_FILE = YES;
				INFOPLIST_FILE = "20220320-NagaraniParapelly-NYCSchools/Info.plist";
				INFOPLIST_KEY_UIApplicationSupportsIndirectInputEvents = YES;
				INFOPLIST_KEY_UILaunchStoryboardName = LaunchScreen;
				INFOPLIST_KEY_UIMainStoryboardFile = Main;
				INFOPLIST_KEY_UISupportedInterfaceOrientations_iPad = "UIInterfaceOrientationPortrait UIInterfaceOrientationPortraitUpsideDown UIInterfaceOrientationLandscapeLeft UIInterfaceOrientationLandscapeRight";
				INFOPLIST_KEY_UISupportedInterfaceOrientations_iPhone = "UIInterfaceOrientationPortrait UIInterfaceOrientationLandscapeLeft UIInterfaceOrientationLandscapeRight";
				LD_RUNPATH_SEARCH_PATHS = (
					"$(inherited)",
					"@executable_path/Frameworks",
				);
				MARKETING_VERSION = 1.0;
				PRODUCT_BUNDLE_IDENTIFIER = "self.-0220320-NagaraniParapelly-NYCSchools";
				PRODUCT_NAME = "$(TARGET_NAME)";
				SWIFT_EMIT_LOC_STRINGS = YES;
				SWIFT_OBJC_BRIDGING_HEADER = "20220320-NagaraniParapelly-NYCSchools/20220320-NagaraniParapelly-NYCSchools-Bridging-Header.h";
				SWIFT_OPTIMIZATION_LEVEL = "-Onone";
				SWIFT_VERSION = 5.0;
				TARGETED_DEVICE_FAMILY = "1,2";
			};
			name = Debug;
		};
		72936FC927E815E300986486 /* Release */ = {
			isa = XCBuildConfiguration;
			buildSettings = {
				ASSETCATALOG_COMPILER_APPICON_NAME = AppIcon;
				ASSETCATALOG_COMPILER_GLOBAL_ACCENT_COLOR_NAME = AccentColor;
				CLANG_ENABLE_MODULES = YES;
				CODE_SIGN_STYLE = Automatic;
				CURRENT_PROJECT_VERSION = 1;
				GENERATE_INFOPLIST_FILE = YES;
				INFOPLIST_FILE = "20220320-NagaraniParapelly-NYCSchools/Info.plist";
				INFOPLIST_KEY_UIApplicationSupportsIndirectInputEvents = YES;
				INFOPLIST_KEY_UILaunchStoryboardName = LaunchScreen;
				INFOPLIST_KEY_UIMainStoryboardFile = Main;
				INFOPLIST_KEY_UISupportedInterfaceOrientations_iPad = "UIInterfaceOrientationPortrait UIInterfaceOrientationPortraitUpsideDown UIInterfaceOrientationLandscapeLeft UIInterfaceOrientationLandscapeRight";
				INFOPLIST_KEY_UISupportedInterfaceOrientations_iPhone = "UIInterfaceOrientationPortrait UIInterfaceOrientationLandscapeLeft UIInterfaceOrientationLandscapeRight";
				LD_RUNPATH_SEARCH_PATHS = (
					"$(inherited)",
					"@executable_path/Frameworks",
				);
				MARKETING_VERSION = 1.0;
				PRODUCT_BUNDLE_IDENTIFIER = "self.-0220320-NagaraniParapelly-NYCSchools";
				PRODUCT_NAME = "$(TARGET_NAME)";
				SWIFT_EMIT_LOC_STRINGS = YES;
				SWIFT_OBJC_BRIDGING_HEADER = "20220320-NagaraniParapelly-NYCSchools/20220320-NagaraniParapelly-NYCSchools-Bridging-Header.h";
				SWIFT_VERSION = 5.0;
				TARGETED_DEVICE_FAMILY = "1,2";
			};
			name = Release;
		};
		72936FCB27E815E300986486 /* Debug */ = {
			isa = XCBuildConfiguration;
			buildSettings = {
				ALWAYS_EMBED_SWIFT_STANDARD_LIBRARIES = YES;
				BUNDLE_LOADER = "$(TEST_HOST)";
				CODE_SIGN_STYLE = Automatic;
				CURRENT_PROJECT_VERSION = 1;
				GENERATE_INFOPLIST_FILE = YES;
				IPHONEOS_DEPLOYMENT_TARGET = 15.0;
				LD_RUNPATH_SEARCH_PATHS = (
					"$(inherited)",
					"@executable_path/Frameworks",
					"@loader_path/Frameworks",
				);
				MARKETING_VERSION = 1.0;
				PRODUCT_BUNDLE_IDENTIFIER = "self.-0220320-NagaraniParapelly-NYCSchoolsTests";
				PRODUCT_NAME = "$(TARGET_NAME)";
				SWIFT_EMIT_LOC_STRINGS = NO;
				TARGETED_DEVICE_FAMILY = "1,2";
				TEST_HOST = "$(BUILT_PRODUCTS_DIR)/20220320-NagaraniParapelly-NYCSchools.app/20220320-NagaraniParapelly-NYCSchools";
			};
			name = Debug;
		};
		72936FCC27E815E300986486 /* Release */ = {
			isa = XCBuildConfiguration;
			buildSettings = {
				ALWAYS_EMBED_SWIFT_STANDARD_LIBRARIES = YES;
				BUNDLE_LOADER = "$(TEST_HOST)";
				CODE_SIGN_STYLE = Automatic;
				CURRENT_PROJECT_VERSION = 1;
				GENERATE_INFOPLIST_FILE = YES;
				IPHONEOS_DEPLOYMENT_TARGET = 15.0;
				LD_RUNPATH_SEARCH_PATHS = (
					"$(inherited)",
					"@executable_path/Frameworks",
					"@loader_path/Frameworks",
				);
				MARKETING_VERSION = 1.0;
				PRODUCT_BUNDLE_IDENTIFIER = "self.-0220320-NagaraniParapelly-NYCSchoolsTests";
				PRODUCT_NAME = "$(TARGET_NAME)";
				SWIFT_EMIT_LOC_STRINGS = NO;
				TARGETED_DEVICE_FAMILY = "1,2";
				TEST_HOST = "$(BUILT_PRODUCTS_DIR)/20220320-NagaraniParapelly-NYCSchools.app/20220320-NagaraniParapelly-NYCSchools";
			};
			name = Release;
		};
		72936FCE27E815E300986486 /* Debug */ = {
			isa = XCBuildConfiguration;
			buildSettings = {
				ALWAYS_EMBED_SWIFT_STANDARD_LIBRARIES = YES;
				CODE_SIGN_STYLE = Automatic;
				CURRENT_PROJECT_VERSION = 1;
				GENERATE_INFOPLIST_FILE = YES;
				LD_RUNPATH_SEARCH_PATHS = (
					"$(inherited)",
					"@executable_path/Frameworks",
					"@loader_path/Frameworks",
				);
				MARKETING_VERSION = 1.0;
				PRODUCT_BUNDLE_IDENTIFIER = "self.-0220320-NagaraniParapelly-NYCSchoolsUITests";
				PRODUCT_NAME = "$(TARGET_NAME)";
				SWIFT_EMIT_LOC_STRINGS = NO;
				TARGETED_DEVICE_FAMILY = "1,2";
				TEST_TARGET_NAME = "20220320-NagaraniParapelly-NYCSchools";
			};
			name = Debug;
		};
		72936FCF27E815E300986486 /* Release */ = {
			isa = XCBuildConfiguration;
			buildSettings = {
				ALWAYS_EMBED_SWIFT_STANDARD_LIBRARIES = YES;
				CODE_SIGN_STYLE = Automatic;
				CURRENT_PROJECT_VERSION = 1;
				GENERATE_INFOPLIST_FILE = YES;
				LD_RUNPATH_SEARCH_PATHS = (
					"$(inherited)",
					"@executable_path/Frameworks",
					"@loader_path/Frameworks",
				);
				MARKETING_VERSION = 1.0;
				PRODUCT_BUNDLE_IDENTIFIER = "self.-0220320-NagaraniParapelly-NYCSchoolsUITests";
				PRODUCT_NAME = "$(TARGET_NAME)";
				SWIFT_EMIT_LOC_STRINGS = NO;
				TARGETED_DEVICE_FAMILY = "1,2";
				TEST_TARGET_NAME = "20220320-NagaraniParapelly-NYCSchools";
			};
			name = Release;
		};
/* End XCBuildConfiguration section */

/* Begin XCConfigurationList section */
		72936F9327E815DE00986486 /* Build configuration list for PBXProject "20220320-NagaraniParapelly-NYCSchools" */ = {
			isa = XCConfigurationList;
			buildConfigurations = (
				72936FC527E815E300986486 /* Debug */,
				72936FC627E815E300986486 /* Release */,
			);
			defaultConfigurationIsVisible = 0;
			defaultConfigurationName = Release;
		};
		72936FC727E815E300986486 /* Build configuration list for PBXNativeTarget "20220320-NagaraniParapelly-NYCSchools" */ = {
			isa = XCConfigurationList;
			buildConfigurations = (
				72936FC827E815E300986486 /* Debug */,
				72936FC927E815E300986486 /* Release */,
			);
			defaultConfigurationIsVisible = 0;
			defaultConfigurationName = Release;
		};
		72936FCA27E815E300986486 /* Build configuration list for PBXNativeTarget "20220320-NagaraniParapelly-NYCSchoolsTests" */ = {
			isa = XCConfigurationList;
			buildConfigurations = (
				72936FCB27E815E300986486 /* Debug */,
				72936FCC27E815E300986486 /* Release */,
			);
			defaultConfigurationIsVisible = 0;
			defaultConfigurationName = Release;
		};
		72936FCD27E815E300986486 /* Build configuration list for PBXNativeTarget "20220320-NagaraniParapelly-NYCSchoolsUITests" */ = {
			isa = XCConfigurationList;
			buildConfigurations = (
				72936FCE27E815E300986486 /* Debug */,
				72936FCF27E815E300986486 /* Release */,
			);
			defaultConfigurationIsVisible = 0;
			defaultConfigurationName = Release;
		};
/* End XCConfigurationList section */
	};
	rootObject = 72936F9027E815DE00986486 /* Project object */;
}
